// !$*UTF8*$!
{
	archiveVersion = 1;
	classes = {
	};
	objectVersion = 46;
	objects = {

/* Begin PBXBuildFile section */
		06C915261B34F1EB00ED5B63 /* AppDelegate.swift in Sources */ = {isa = PBXBuildFile; fileRef = 06C915251B34F1EB00ED5B63 /* AppDelegate.swift */; };
		06C9152D1B34F1EB00ED5B63 /* Images.xcassets in Resources */ = {isa = PBXBuildFile; fileRef = 06C9152C1B34F1EB00ED5B63 /* Images.xcassets */; };
		06C915301B34F1EB00ED5B63 /* LaunchScreen.xib in Resources */ = {isa = PBXBuildFile; fileRef = 06C9152E1B34F1EB00ED5B63 /* LaunchScreen.xib */; };
		06C9153C1B34F1EB00ED5B63 /* ios_ble_explorerTests.swift in Sources */ = {isa = PBXBuildFile; fileRef = 06C9153B1B34F1EB00ED5B63 /* ios_ble_explorerTests.swift */; };
		06C915481B34F21C00ED5B63 /* CharacteristicsTVC.swift in Sources */ = {isa = PBXBuildFile; fileRef = 06C915451B34F21C00ED5B63 /* CharacteristicsTVC.swift */; };
		06C915491B34F21C00ED5B63 /* PeripheralsTVC.swift in Sources */ = {isa = PBXBuildFile; fileRef = 06C915461B34F21C00ED5B63 /* PeripheralsTVC.swift */; };
		06C9154A1B34F21C00ED5B63 /* ServicesTVC.swift in Sources */ = {isa = PBXBuildFile; fileRef = 06C915471B34F21C00ED5B63 /* ServicesTVC.swift */; };
		06C9154D1B34F25500ED5B63 /* Main.storyboard in Resources */ = {isa = PBXBuildFile; fileRef = 06C9154C1B34F25500ED5B63 /* Main.storyboard */; };
		06F20B8F1B35D31E006706E3 /* String+Hexadecimal.swift in Sources */ = {isa = PBXBuildFile; fileRef = 06F20B8E1B35D31E006706E3 /* String+Hexadecimal.swift */; };
		06F20B911B35D3E0006706E3 /* NSData+Hexadecimal.swift in Sources */ = {isa = PBXBuildFile; fileRef = 06F20B901B35D3E0006706E3 /* NSData+Hexadecimal.swift */; };
/* End PBXBuildFile section */

/* Begin PBXContainerItemProxy section */
		06C915361B34F1EB00ED5B63 /* PBXContainerItemProxy */ = {
			isa = PBXContainerItemProxy;
			containerPortal = 06C915181B34F1EB00ED5B63 /* Project object */;
			proxyType = 1;
			remoteGlobalIDString = 06C9151F1B34F1EB00ED5B63;
			remoteInfo = "ios-ble-explorer";
		};
/* End PBXContainerItemProxy section */

/* Begin PBXFileReference section */
		06C915201B34F1EB00ED5B63 /* ios-ble-explorer.app */ = {isa = PBXFileReference; explicitFileType = wrapper.application; includeInIndex = 0; path = "ios-ble-explorer.app"; sourceTree = BUILT_PRODUCTS_DIR; };
		06C915241B34F1EB00ED5B63 /* Info.plist */ = {isa = PBXFileReference; lastKnownFileType = text.plist.xml; path = Info.plist; sourceTree = "<group>"; };
		06C915251B34F1EB00ED5B63 /* AppDelegate.swift */ = {isa = PBXFileReference; lastKnownFileType = sourcecode.swift; path = AppDelegate.swift; sourceTree = "<group>"; };
		06C9152C1B34F1EB00ED5B63 /* Images.xcassets */ = {isa = PBXFileReference; lastKnownFileType = folder.assetcatalog; path = Images.xcassets; sourceTree = "<group>"; };
		06C9152F1B34F1EB00ED5B63 /* Base */ = {isa = PBXFileReference; lastKnownFileType = file.xib; name = Base; path = Base.lproj/LaunchScreen.xib; sourceTree = "<group>"; };
		06C915351B34F1EB00ED5B63 /* ios-ble-explorerTests.xctest */ = {isa = PBXFileReference; explicitFileType = wrapper.cfbundle; includeInIndex = 0; path = "ios-ble-explorerTests.xctest"; sourceTree = BUILT_PRODUCTS_DIR; };
		06C9153A1B34F1EB00ED5B63 /* Info.plist */ = {isa = PBXFileReference; lastKnownFileType = text.plist.xml; path = Info.plist; sourceTree = "<group>"; };
		06C9153B1B34F1EB00ED5B63 /* ios_ble_explorerTests.swift */ = {isa = PBXFileReference; lastKnownFileType = sourcecode.swift; path = ios_ble_explorerTests.swift; sourceTree = "<group>"; };
		06C915451B34F21C00ED5B63 /* CharacteristicsTVC.swift */ = {isa = PBXFileReference; fileEncoding = 4; lastKnownFileType = sourcecode.swift; path = CharacteristicsTVC.swift; sourceTree = "<group>"; };
		06C915461B34F21C00ED5B63 /* PeripheralsTVC.swift */ = {isa = PBXFileReference; fileEncoding = 4; lastKnownFileType = sourcecode.swift; path = PeripheralsTVC.swift; sourceTree = "<group>"; };
		06C915471B34F21C00ED5B63 /* ServicesTVC.swift */ = {isa = PBXFileReference; fileEncoding = 4; lastKnownFileType = sourcecode.swift; path = ServicesTVC.swift; sourceTree = "<group>"; };
		06C9154C1B34F25500ED5B63 /* Main.storyboard */ = {isa = PBXFileReference; fileEncoding = 4; lastKnownFileType = file.storyboard; path = Main.storyboard; sourceTree = "<group>"; };
		06F20B8E1B35D31E006706E3 /* String+Hexadecimal.swift */ = {isa = PBXFileReference; fileEncoding = 4; lastKnownFileType = sourcecode.swift; path = "String+Hexadecimal.swift"; sourceTree = "<group>"; };
		06F20B901B35D3E0006706E3 /* NSData+Hexadecimal.swift */ = {isa = PBXFileReference; fileEncoding = 4; lastKnownFileType = sourcecode.swift; path = "NSData+Hexadecimal.swift"; sourceTree = "<group>"; };
/* End PBXFileReference section */

/* Begin PBXFrameworksBuildPhase section */
		06C9151D1B34F1EB00ED5B63 /* Frameworks */ = {
			isa = PBXFrameworksBuildPhase;
			buildActionMask = 2147483647;
			files = (
			);
			runOnlyForDeploymentPostprocessing = 0;
		};
		06C915321B34F1EB00ED5B63 /* Frameworks */ = {
			isa = PBXFrameworksBuildPhase;
			buildActionMask = 2147483647;
			files = (
			);
			runOnlyForDeploymentPostprocessing = 0;
		};
/* End PBXFrameworksBuildPhase section */

/* Begin PBXGroup section */
		06C915171B34F1EB00ED5B63 = {
			isa = PBXGroup;
			children = (
				06C915221B34F1EB00ED5B63 /* ios-ble-explorer */,
				06C915381B34F1EB00ED5B63 /* ios-ble-explorerTests */,
				06C915211B34F1EB00ED5B63 /* Products */,
			);
			sourceTree = "<group>";
		};
		06C915211B34F1EB00ED5B63 /* Products */ = {
			isa = PBXGroup;
			children = (
				06C915201B34F1EB00ED5B63 /* ios-ble-explorer.app */,
				06C915351B34F1EB00ED5B63 /* ios-ble-explorerTests.xctest */,
			);
			name = Products;
			sourceTree = "<group>";
		};
		06C915221B34F1EB00ED5B63 /* ios-ble-explorer */ = {
			isa = PBXGroup;
			children = (
				06C9154B1B34F22400ED5B63 /* Controller */,
				06C915251B34F1EB00ED5B63 /* AppDelegate.swift */,
				06C9154C1B34F25500ED5B63 /* Main.storyboard */,
				06C9152C1B34F1EB00ED5B63 /* Images.xcassets */,
				06C9152E1B34F1EB00ED5B63 /* LaunchScreen.xib */,
				06C915231B34F1EB00ED5B63 /* Supporting Files */,
				06F20B8E1B35D31E006706E3 /* String+Hexadecimal.swift */,
				06F20B901B35D3E0006706E3 /* NSData+Hexadecimal.swift */,
			);
			path = "ios-ble-explorer";
			sourceTree = "<group>";
		};
		06C915231B34F1EB00ED5B63 /* Supporting Files */ = {
			isa = PBXGroup;
			children = (
				06C915241B34F1EB00ED5B63 /* Info.plist */,
			);
			name = "Supporting Files";
			sourceTree = "<group>";
		};
		06C915381B34F1EB00ED5B63 /* ios-ble-explorerTests */ = {
			isa = PBXGroup;
			children = (
				06C9153B1B34F1EB00ED5B63 /* ios_ble_explorerTests.swift */,
				06C915391B34F1EB00ED5B63 /* Supporting Files */,
			);
			path = "ios-ble-explorerTests";
			sourceTree = "<group>";
		};
		06C915391B34F1EB00ED5B63 /* Supporting Files */ = {
			isa = PBXGroup;
			children = (
				06C9153A1B34F1EB00ED5B63 /* Info.plist */,
			);
			name = "Supporting Files";
			sourceTree = "<group>";
		};
		06C9154B1B34F22400ED5B63 /* Controller */ = {
			isa = PBXGroup;
			children = (
				06C915451B34F21C00ED5B63 /* CharacteristicsTVC.swift */,
				06C915461B34F21C00ED5B63 /* PeripheralsTVC.swift */,
				06C915471B34F21C00ED5B63 /* ServicesTVC.swift */,
			);
			name = Controller;
			sourceTree = "<group>";
		};
/* End PBXGroup section */

/* Begin PBXNativeTarget section */
		06C9151F1B34F1EB00ED5B63 /* ios-ble-explorer */ = {
			isa = PBXNativeTarget;
			buildConfigurationList = 06C9153F1B34F1EB00ED5B63 /* Build configuration list for PBXNativeTarget "ios-ble-explorer" */;
			buildPhases = (
				06C9151C1B34F1EB00ED5B63 /* Sources */,
				06C9151D1B34F1EB00ED5B63 /* Frameworks */,
				06C9151E1B34F1EB00ED5B63 /* Resources */,
			);
			buildRules = (
			);
			dependencies = (
			);
			name = "ios-ble-explorer";
			productName = "ios-ble-explorer";
			productReference = 06C915201B34F1EB00ED5B63 /* ios-ble-explorer.app */;
			productType = "com.apple.product-type.application";
		};
		06C915341B34F1EB00ED5B63 /* ios-ble-explorerTests */ = {
			isa = PBXNativeTarget;
			buildConfigurationList = 06C915421B34F1EB00ED5B63 /* Build configuration list for PBXNativeTarget "ios-ble-explorerTests" */;
			buildPhases = (
				06C915311B34F1EB00ED5B63 /* Sources */,
				06C915321B34F1EB00ED5B63 /* Frameworks */,
				06C915331B34F1EB00ED5B63 /* Resources */,
			);
			buildRules = (
			);
			dependencies = (
				06C915371B34F1EB00ED5B63 /* PBXTargetDependency */,
			);
			name = "ios-ble-explorerTests";
			productName = "ios-ble-explorerTests";
			productReference = 06C915351B34F1EB00ED5B63 /* ios-ble-explorerTests.xctest */;
			productType = "com.apple.product-type.bundle.unit-test";
		};
/* End PBXNativeTarget section */

/* Begin PBXProject section */
		06C915181B34F1EB00ED5B63 /* Project object */ = {
			isa = PBXProject;
			attributes = {
				LastUpgradeCheck = 1010;
				ORGANIZATIONNAME = "João Marcelo Oliveira";
				TargetAttributes = {
					06C9151F1B34F1EB00ED5B63 = {
						CreatedOnToolsVersion = 6.3.2;
					};
					06C915341B34F1EB00ED5B63 = {
						CreatedOnToolsVersion = 6.3.2;
						TestTargetID = 06C9151F1B34F1EB00ED5B63;
					};
				};
			};
			buildConfigurationList = 06C9151B1B34F1EB00ED5B63 /* Build configuration list for PBXProject "ios-ble-explorer" */;
			compatibilityVersion = "Xcode 3.2";
			developmentRegion = English;
			hasScannedForEncodings = 0;
			knownRegions = (
				en,
				Base,
			);
			mainGroup = 06C915171B34F1EB00ED5B63;
			productRefGroup = 06C915211B34F1EB00ED5B63 /* Products */;
			projectDirPath = "";
			projectRoot = "";
			targets = (
				06C9151F1B34F1EB00ED5B63 /* ios-ble-explorer */,
				06C915341B34F1EB00ED5B63 /* ios-ble-explorerTests */,
			);
		};
/* End PBXProject section */

/* Begin PBXResourcesBuildPhase section */
		06C9151E1B34F1EB00ED5B63 /* Resources */ = {
			isa = PBXResourcesBuildPhase;
			buildActionMask = 2147483647;
			files = (
				06C915301B34F1EB00ED5B63 /* LaunchScreen.xib in Resources */,
				06C9152D1B34F1EB00ED5B63 /* Images.xcassets in Resources */,
				06C9154D1B34F25500ED5B63 /* Main.storyboard in Resources */,
			);
			runOnlyForDeploymentPostprocessing = 0;
		};
		06C915331B34F1EB00ED5B63 /* Resources */ = {
			isa = PBXResourcesBuildPhase;
			buildActionMask = 2147483647;
			files = (
			);
			runOnlyForDeploymentPostprocessing = 0;
		};
/* End PBXResourcesBuildPhase section */

/* Begin PBXSourcesBuildPhase section */
		06C9151C1B34F1EB00ED5B63 /* Sources */ = {
			isa = PBXSourcesBuildPhase;
			buildActionMask = 2147483647;
			files = (
				06F20B8F1B35D31E006706E3 /* String+Hexadecimal.swift in Sources */,
				06C915481B34F21C00ED5B63 /* CharacteristicsTVC.swift in Sources */,
				06C9154A1B34F21C00ED5B63 /* ServicesTVC.swift in Sources */,
				06C915261B34F1EB00ED5B63 /* AppDelegate.swift in Sources */,
				06F20B911B35D3E0006706E3 /* NSData+Hexadecimal.swift in Sources */,
				06C915491B34F21C00ED5B63 /* PeripheralsTVC.swift in Sources */,
			);
			runOnlyForDeploymentPostprocessing = 0;
		};
		06C915311B34F1EB00ED5B63 /* Sources */ = {
			isa = PBXSourcesBuildPhase;
			buildActionMask = 2147483647;
			files = (
				06C9153C1B34F1EB00ED5B63 /* ios_ble_explorerTests.swift in Sources */,
			);
			runOnlyForDeploymentPostprocessing = 0;
		};
/* End PBXSourcesBuildPhase section */

/* Begin PBXTargetDependency section */
		06C915371B34F1EB00ED5B63 /* PBXTargetDependency */ = {
			isa = PBXTargetDependency;
			target = 06C9151F1B34F1EB00ED5B63 /* ios-ble-explorer */;
			targetProxy = 06C915361B34F1EB00ED5B63 /* PBXContainerItemProxy */;
		};
/* End PBXTargetDependency section */

/* Begin PBXVariantGroup section */
		06C9152E1B34F1EB00ED5B63 /* LaunchScreen.xib */ = {
			isa = PBXVariantGroup;
			children = (
				06C9152F1B34F1EB00ED5B63 /* Base */,
			);
			name = LaunchScreen.xib;
			sourceTree = "<group>";
		};
/* End PBXVariantGroup section */

/* Begin XCBuildConfiguration section */
		06C9153D1B34F1EB00ED5B63 /* Debug */ = {
			isa = XCBuildConfiguration;
			buildSettings = {
				ALWAYS_SEARCH_USER_PATHS = NO;
				CLANG_CXX_LANGUAGE_STANDARD = "gnu++0x";
				CLANG_CXX_LIBRARY = "libc++";
				CLANG_ENABLE_MODULES = YES;
				CLANG_ENABLE_OBJC_ARC = YES;
				CLANG_WARN_BLOCK_CAPTURE_AUTORELEASING = YES;
				CLANG_WARN_BOOL_CONVERSION = YES;
				CLANG_WARN_COMMA = YES;
				CLANG_WARN_CONSTANT_CONVERSION = YES;
				CLANG_WARN_DEPRECATED_OBJC_IMPLEMENTATIONS = YES;
				CLANG_WARN_DIRECT_OBJC_ISA_USAGE = YES_ERROR;
				CLANG_WARN_EMPTY_BODY = YES;
				CLANG_WARN_ENUM_CONVERSION = YES;
				CLANG_WARN_INFINITE_RECURSION = YES;
				CLANG_WARN_INT_CONVERSION = YES;
				CLANG_WARN_NON_LITERAL_NULL_CONVERSION = YES;
				CLANG_WARN_OBJC_IMPLICIT_RETAIN_SELF = YES;
				CLANG_WARN_OBJC_LITERAL_CONVERSION = YES;
				CLANG_WARN_OBJC_ROOT_CLASS = YES_ERROR;
				CLANG_WARN_RANGE_LOOP_ANALYSIS = YES;
				CLANG_WARN_STRICT_PROTOTYPES = YES;
				CLANG_WARN_SUSPICIOUS_MOVE = YES;
				CLANG_WARN_UNREACHABLE_CODE = YES;
				CLANG_WARN__DUPLICATE_METHOD_MATCH = YES;
				"CODE_SIGN_IDENTITY[sdk=iphoneos*]" = "iPhone Developer";
				COPY_PHASE_STRIP = NO;
				DEBUG_INFORMATION_FORMAT = "dwarf-with-dsym";
				ENABLE_STRICT_OBJC_MSGSEND = YES;
				ENABLE_TESTABILITY = YES;
				GCC_C_LANGUAGE_STANDARD = gnu99;
				GCC_DYNAMIC_NO_PIC = NO;
				GCC_NO_COMMON_BLOCKS = YES;
				GCC_OPTIMIZATION_LEVEL = 0;
				GCC_PREPROCESSOR_DEFINITIONS = (
					"DEBUG=1",
					"$(inherited)",
				);
				GCC_SYMBOLS_PRIVATE_EXTERN = NO;
				GCC_WARN_64_TO_32_BIT_CONVERSION = YES;
				GCC_WARN_ABOUT_RETURN_TYPE = YES_ERROR;
				GCC_WARN_UNDECLARED_SELECTOR = YES;
				GCC_WARN_UNINITIALIZED_AUTOS = YES_AGGRESSIVE;
				GCC_WARN_UNUSED_FUNCTION = YES;
				GCC_WARN_UNUSED_VARIABLE = YES;
				IPHONEOS_DEPLOYMENT_TARGET = 8.0;
				MTL_ENABLE_DEBUG_INFO = YES;
				ONLY_ACTIVE_ARCH = YES;
				SDKROOT = iphoneos;
				SWIFT_OPTIMIZATION_LEVEL = "-Onone";
				SWIFT_VERSION = 4.2;
				TARGETED_DEVICE_FAMILY = "1,2";
			};
			name = Debug;
		};
		06C9153E1B34F1EB00ED5B63 /* Release */ = {
			isa = XCBuildConfiguration;
			buildSettings = {
				ALWAYS_SEARCH_USER_PATHS = NO;
				CLANG_CXX_LANGUAGE_STANDARD = "gnu++0x";
				CLANG_CXX_LIBRARY = "libc++";
				CLANG_ENABLE_MODULES = YES;
				CLANG_ENABLE_OBJC_ARC = YES;
				CLANG_WARN_BLOCK_CAPTURE_AUTORELEASING = YES;
				CLANG_WARN_BOOL_CONVERSION = YES;
				CLANG_WARN_COMMA = YES;
				CLANG_WARN_CONSTANT_CONVERSION = YES;
				CLANG_WARN_DEPRECATED_OBJC_IMPLEMENTATIONS = YES;
				CLANG_WARN_DIRECT_OBJC_ISA_USAGE = YES_ERROR;
				CLANG_WARN_EMPTY_BODY = YES;
				CLANG_WARN_ENUM_CONVERSION = YES;
				CLANG_WARN_INFINITE_RECURSION = YES;
				CLANG_WARN_INT_CONVERSION = YES;
				CLANG_WARN_NON_LITERAL_NULL_CONVERSION = YES;
				CLANG_WARN_OBJC_IMPLICIT_RETAIN_SELF = YES;
				CLANG_WARN_OBJC_LITERAL_CONVERSION = YES;
				CLANG_WARN_OBJC_ROOT_CLASS = YES_ERROR;
				CLANG_WARN_RANGE_LOOP_ANALYSIS = YES;
				CLANG_WARN_STRICT_PROTOTYPES = YES;
				CLANG_WARN_SUSPICIOUS_MOVE = YES;
				CLANG_WARN_UNREACHABLE_CODE = YES;
				CLANG_WARN__DUPLICATE_METHOD_MATCH = YES;
				"CODE_SIGN_IDENTITY[sdk=iphoneos*]" = "iPhone Developer";
				COPY_PHASE_STRIP = NO;
				DEBUG_INFORMATION_FORMAT = "dwarf-with-dsym";
				ENABLE_NS_ASSERTIONS = NO;
				ENABLE_STRICT_OBJC_MSGSEND = YES;
				GCC_C_LANGUAGE_STANDARD = gnu99;
				GCC_NO_COMMON_BLOCKS = YES;
				GCC_WARN_64_TO_32_BIT_CONVERSION = YES;
				GCC_WARN_ABOUT_RETURN_TYPE = YES_ERROR;
				GCC_WARN_UNDECLARED_SELECTOR = YES;
				GCC_WARN_UNINITIALIZED_AUTOS = YES_AGGRESSIVE;
				GCC_WARN_UNUSED_FUNCTION = YES;
				GCC_WARN_UNUSED_VARIABLE = YES;
				IPHONEOS_DEPLOYMENT_TARGET = 8.0;
				MTL_ENABLE_DEBUG_INFO = NO;
				SDKROOT = iphoneos;
				SWIFT_COMPILATION_MODE = wholemodule;
				SWIFT_VERSION = 4.2;
				TARGETED_DEVICE_FAMILY = "1,2";
				VALIDATE_PRODUCT = YES;
			};
			name = Release;
		};
		06C915401B34F1EB00ED5B63 /* Debug */ = {
			isa = XCBuildConfiguration;
			buildSettings = {
				ASSETCATALOG_COMPILER_APPICON_NAME = AppIcon;
				INFOPLIST_FILE = "ios-ble-explorer/Info.plist";
				LD_RUNPATH_SEARCH_PATHS = "$(inherited) @executable_path/Frameworks";
				PRODUCT_BUNDLE_IDENTIFIER = "com.example.$(PRODUCT_NAME:rfc1034identifier)";
				PRODUCT_NAME = "$(TARGET_NAME)";
			};
			name = Debug;
		};
		06C915411B34F1EB00ED5B63 /* Release */ = {
			isa = XCBuildConfiguration;
			buildSettings = {
				ASSETCATALOG_COMPILER_APPICON_NAME = AppIcon;
				INFOPLIST_FILE = "ios-ble-explorer/Info.plist";
				LD_RUNPATH_SEARCH_PATHS = "$(inherited) @executable_path/Frameworks";
				PRODUCT_BUNDLE_IDENTIFIER = "com.example.$(PRODUCT_NAME:rfc1034identifier)";
				PRODUCT_NAME = "$(TARGET_NAME)";
			};
			name = Release;
		};
		06C915431B34F1EB00ED5B63 /* Debug */ = {
			isa = XCBuildConfiguration;
			buildSettings = {
				BUNDLE_LOADER = "$(TEST_HOST)";
				FRAMEWORK_SEARCH_PATHS = (
					"$(SDKROOT)/Developer/Library/Frameworks",
					"$(inherited)",
				);
				GCC_PREPROCESSOR_DEFINITIONS = (
					"DEBUG=1",
					"$(inherited)",
				);
				INFOPLIST_FILE = "ios-ble-explorerTests/Info.plist";
				LD_RUNPATH_SEARCH_PATHS = "$(inherited) @executable_path/Frameworks @loader_path/Frameworks";
				PRODUCT_BUNDLE_IDENTIFIER = "com.example.$(PRODUCT_NAME:rfc1034identifier)";
				PRODUCT_NAME = "$(TARGET_NAME)";
				TEST_HOST = "$(BUILT_PRODUCTS_DIR)/ios-ble-explorer.app/ios-ble-explorer";
			};
			name = Debug;
		};
		06C915441B34F1EB00ED5B63 /* Release */ = {
			isa = XCBuildConfiguration;
			buildSettings = {
				BUNDLE_LOADER = "$(TEST_HOST)";
				FRAMEWORK_SEARCH_PATHS = (
					"$(SDKROOT)/Developer/Library/Frameworks",
					"$(inherited)",
				);
				INFOPLIST_FILE = "ios-ble-explorerTests/Info.plist";
				LD_RUNPATH_SEARCH_PATHS = "$(inherited) @executable_path/Frameworks @loader_path/Frameworks";
				PRODUCT_BUNDLE_IDENTIFIER = "com.example.$(PRODUCT_NAME:rfc1034identifier)";
				PRODUCT_NAME = "$(TARGET_NAME)";
				TEST_HOST = "$(BUILT_PRODUCTS_DIR)/ios-ble-explorer.app/ios-ble-explorer";
			};
			name = Release;
		};
/* End XCBuildConfiguration section */

/* Begin XCConfigurationList section */
		06C9151B1B34F1EB00ED5B63 /* Build configuration list for PBXProject "ios-ble-explorer" */ = {
			isa = XCConfigurationList;
			buildConfigurations = (
				06C9153D1B34F1EB00ED5B63 /* Debug */,
				06C9153E1B34F1EB00ED5B63 /* Release */,
			);
			defaultConfigurationIsVisible = 0;
			defaultConfigurationName = Release;
		};
		06C9153F1B34F1EB00ED5B63 /* Build configuration list for PBXNativeTarget "ios-ble-explorer" */ = {
			isa = XCConfigurationList;
			buildConfigurations = (
				06C915401B34F1EB00ED5B63 /* Debug */,
				06C915411B34F1EB00ED5B63 /* Release */,
			);
			defaultConfigurationIsVisible = 0;
			defaultConfigurationName = Release;
		};
		06C915421B34F1EB00ED5B63 /* Build configuration list for PBXNativeTarget "ios-ble-explorerTests" */ = {
			isa = XCConfigurationList;
			buildConfigurations = (
				06C915431B34F1EB00ED5B63 /* Debug */,
				06C915441B34F1EB00ED5B63 /* Release */,
			);
			defaultConfigurationIsVisible = 0;
			defaultConfigurationName = Release;
		};
/* End XCConfigurationList section */
	};
	rootObject = 06C915181B34F1EB00ED5B63 /* Project object */;
}
